{
  "lockfile_version": "1",
  "packages": {
    "dotnet-sdk_8": {
      "resolved": "github:NixOS/nixpkgs/02f2cb8e0feb4596d20cc52fda73ccee960e3538?narHash=sha256-tH3wHnOJms%2BU4k%2FrK2Nn1RfBrhffX92jLP%2F2VndSn0w%3D#dotnet-sdk_8",
      "source": "nixpkg"
    },
    "github:NixOS/nixpkgs/nixpkgs-unstable": {
      "last_modified": "2025-10-24T23:52:36Z",
      "resolved": "github:NixOS/nixpkgs/02f2cb8e0feb4596d20cc52fda73ccee960e3538?lastModified=1761349956&narHash=sha256-tH3wHnOJms%2BU4k%2FrK2Nn1RfBrhffX92jLP%2F2VndSn0w%3D"
    },
    "go-task@latest": {
      "last_modified": "2025-11-23T21:50:36Z",
      "resolved": "github:NixOS/nixpkgs/ee09932cedcef15aaf476f9343d1dea2cb77e261#go-task",
      "source": "devbox-search",
      "version": "3.45.5",
      "systems": {
        "aarch64-darwin": {
          "outputs": [
            {
              "name": "out",
              "path": "/nix/store/hq2nfh8sndri3x4z4k1j9g9wk6l0kp5q-go-task-3.45.5",
              "default": true
            }
          ],
          "store_path": "/nix/store/hq2nfh8sndri3x4z4k1j9g9wk6l0kp5q-go-task-3.45.5"
        },
        "aarch64-linux": {
          "outputs": [
            {
              "name": "out",
              "path": "/nix/store/4ac3xjjbvapdifhzqn3cj012b685bysi-go-task-3.45.5",
              "default": true
            }
          ],
          "store_path": "/nix/store/4ac3xjjbvapdifhzqn3cj012b685bysi-go-task-3.45.5"
        },
        "x86_64-darwin": {
          "outputs": [
            {
              "name": "out",
              "path": "/nix/store/57gnc0hahiawf2dmiiy6z6kxmaq2a41m-go-task-3.45.5",
              "default": true
            }
          ],
          "store_path": "/nix/store/57gnc0hahiawf2dmiiy6z6kxmaq2a41m-go-task-3.45.5"
        },
        "x86_64-linux": {
          "outputs": [
            {
              "name": "out",
              "path": "/nix/store/8j7jr4fpjlmbcyb1crr8gy00z8d768vm-go-task-3.45.5",
              "default": true
            }
          ],
          "store_path": "/nix/store/8j7jr4fpjlmbcyb1crr8gy00z8d768vm-go-task-3.45.5"
        }
      }
    },
    "jdk@11": {
      "last_modified": "2025-10-22T20:59:19Z",
      "resolved": "github:NixOS/nixpkgs/01b6809f7f9d1183a2b3e081f0a1e6f8f415cb09#jdk11",
      "source": "devbox-search",
      "version": "11.0.24",
      "systems": {
        "aarch64-darwin": {
          "outputs": [
            {
              "name": "out",
              "path": "/nix/store/37hfzzxsxbvkb35y1v9hfkw802l6j3xq-zulu-ca-jdk-11.0.24",
              "default": true
            }
          ],
          "store_path": "/nix/store/37hfzzxsxbvkb35y1v9hfkw802l6j3xq-zulu-ca-jdk-11.0.24"
        },
        "x86_64-darwin": {
          "outputs": [
            {
              "name": "out",
              "path": "/nix/store/kl9yv2dppl8cbj2zy23lm7n8gppv4sp5-zulu-ca-jdk-11.0.24",
              "default": true
            }
          ],
          "store_path": "/nix/store/kl9yv2dppl8cbj2zy23lm7n8gppv4sp5-zulu-ca-jdk-11.0.24"
        }
      }
    },
    "maven@latest": {
      "last_modified": "2025-10-22T20:59:19Z",
      "resolved": "github:NixOS/nixpkgs/01b6809f7f9d1183a2b3e081f0a1e6f8f415cb09#maven",
      "source": "devbox-search",
      "version": "3.9.11",
      "systems": {
        "aarch64-darwin": {
          "outputs": [
            {
              "name": "out",
              "path": "/nix/store/rn05ybhdj4hwzbsfhn10cxz0958fl3xa-maven-3.9.11",
              "default": true
            }
          ],
          "store_path": "/nix/store/rn05ybhdj4hwzbsfhn10cxz0958fl3xa-maven-3.9.11"
        },
        "aarch64-linux": {
          "outputs": [
            {
              "name": "out",
              "path": "/nix/store/j5m40k9xjzz5rhfmysn5ms3m4x17csg2-maven-3.9.11",
              "default": true
            }
          ],
          "store_path": "/nix/store/j5m40k9xjzz5rhfmysn5ms3m4x17csg2-maven-3.9.11"
        },
        "x86_64-darwin": {
          "outputs": [
            {
              "name": "out",
              "path": "/nix/store/a4046zq6r5gz1fsq9zi5g5p4si03vc18-maven-3.9.11",
              "default": true
            }
          ],
          "store_path": "/nix/store/a4046zq6r5gz1fsq9zi5g5p4si03vc18-maven-3.9.11"
        },
        "x86_64-linux": {
          "outputs": [
            {
              "name": "out",
              "path": "/nix/store/7l6ra7fiz2kybshmp1vb41i0i4qc4yax-maven-3.9.11",
              "default": true
            }
          ],
          "store_path": "/nix/store/7l6ra7fiz2kybshmp1vb41i0i4qc4yax-maven-3.9.11"
        }
      }
    },
    "nodejs@latest": {
      "last_modified": "2026-01-27T15:18:14Z",
      "plugin_version": "0.0.2",
      "resolved": "github:NixOS/nixpkgs/afce96367b2e37fc29afb5543573cd49db3357b7#nodejs_25",
      "source": "devbox-search",
      "version": "25.5.0",
      "systems": {
        "aarch64-darwin": {
          "outputs": [
            {
              "name": "out",
              "path": "/nix/store/9gpwf6cqzmk6d8d04hvfcfb596c0qm7g-nodejs-25.5.0",
              "default": true
            },
            {
              "name": "dev",
              "path": "/nix/store/cvs1r525x8dywwmky594810j27fbhh9l-nodejs-25.5.0-dev"
            },
            {
              "name": "libv8",
              "path": "/nix/store/72kv2hs42wcamk3lrxrkyyfwxdhcvxpg-nodejs-25.5.0-libv8"
            }
          ],
          "store_path": "/nix/store/9gpwf6cqzmk6d8d04hvfcfb596c0qm7g-nodejs-25.5.0"
        },
        "aarch64-linux": {
          "outputs": [
            {
              "name": "out",
              "path": "/nix/store/5cx27zv2phy99xrvmryniwp28gz8nac3-nodejs-25.5.0",
              "default": true
            },
            {
              "name": "dev",
              "path": "/nix/store/60zqg91kyj07wl5h6ii4wg1gpr6kddhk-nodejs-25.5.0-dev"
            },
            {
              "name": "libv8",
              "path": "/nix/store/nngpvbb6p59r0c7ximmq3fskhq1mn8qa-nodejs-25.5.0-libv8"
            }
          ],
          "store_path": "/nix/store/5cx27zv2phy99xrvmryniwp28gz8nac3-nodejs-25.5.0"
        },
        "x86_64-darwin": {
          "outputs": [
            {
              "name": "out",
              "path": "/nix/store/nkz9f2dacg1yyr31m1av0b2awsc6akva-nodejs-25.5.0",
              "default": true
            },
            {
              "name": "dev",
              "path": "/nix/store/ssra385mmavxa4dj5wrp0z7q2pq1fkmd-nodejs-25.5.0-dev"
            },
            {
              "name": "libv8",
              "path": "/nix/store/74dzxfbsblw9d2r59k3cw0dgf5wrwsfz-nodejs-25.5.0-libv8"
            }
          ],
          "store_path": "/nix/store/nkz9f2dacg1yyr31m1av0b2awsc6akva-nodejs-25.5.0"
        },
        "x86_64-linux": {
          "outputs": [
            {
              "name": "out",
              "path": "/nix/store/b92qwjwgc2q092df0ilcjfkqf362ad7k-nodejs-25.5.0",
              "default": true
            },
            {
              "name": "dev",
              "path": "/nix/store/48dnb7kkq0qan2vikakgn6pxh7w2xar5-nodejs-25.5.0-dev"
            },
            {
              "name": "libv8",
              "path": "/nix/store/1ql92hbv6kbs3ynjhyzandv9z3z0bdrg-nodejs-25.5.0-libv8"
            }
          ],
          "store_path": "/nix/store/b92qwjwgc2q092df0ilcjfkqf362ad7k-nodejs-25.5.0"
        }
      }
    },
    "wget@latest": {
      "last_modified": "2025-11-23T21:50:36Z",
      "resolved": "github:NixOS/nixpkgs/ee09932cedcef15aaf476f9343d1dea2cb77e261#wget",
      "source": "devbox-search",
      "version": "1.25.0",
      "systems": {
        "aarch64-darwin": {
          "outputs": [
            {
              "name": "out",
              "path": "/nix/store/c0w95qqwyxz3bk5bbgdph53v61gpx5hr-wget-1.25.0",
              "default": true
            }
          ],
          "store_path": "/nix/store/c0w95qqwyxz3bk5bbgdph53v61gpx5hr-wget-1.25.0"
        },
        "aarch64-linux": {
          "outputs": [
            {
              "name": "out",
              "path": "/nix/store/fck1qyis0hsmp3blc30qx7lmbdkx31mn-wget-1.25.0",
              "default": true
            }
          ],
          "store_path": "/nix/store/fck1qyis0hsmp3blc30qx7lmbdkx31mn-wget-1.25.0"
        },
        "x86_64-darwin": {
          "outputs": [
            {
              "name": "out",
              "path": "/nix/store/vkpi9pk1nr1vbf9nf0ldjyclqshl3ph8-wget-1.25.0",
              "default": true
            }
          ],
          "store_path": "/nix/store/vkpi9pk1nr1vbf9nf0ldjyclqshl3ph8-wget-1.25.0"
        },
        "x86_64-linux": {
          "outputs": [
            {
              "name": "out",
              "path": "/nix/store/bhkfrdvapl4zw304qiyqdlxcfr0hdan6-wget-1.25.0",
              "default": true
            }
          ],
          "store_path": "/nix/store/bhkfrdvapl4zw304qiyqdlxcfr0hdan6-wget-1.25.0"
        }
      }
    }
  }
}
